<?xml version="1.0" encoding="utf-8"?>
<Project ToolsVersion="16.0" xmlns="http://schemas.microsoft.com/developer/msbuild/2003">
  <ItemGroup>
    <CustomBuild Include="C:\Users\ivan\Downloads\bullet3-master(1)\bullet3-master\MahBuild\CMakeFiles\bf527e4ecaed5e8d6e3eb9ea346d841c\INSTALL_force.rule">
      <Filter>CMake Rules</Filter>
    </CustomBuild>
  </ItemGroup>
  <ItemGroup>
    <Filter Include="CMake Rules">
      <UniqueIdentifier>{C8A8950D-EA55-3C97-BADB-4609C6DB1C05}</UniqueIdentifier>
    </Filter>
  </ItemGroup>
</Project>
